
Microsoft Visual Studio Solution File, Format Version 12.00
# Visual Studio Version 16
VisualStudioVersion = 16.0.30907.101
MinimumVisualStudioVersion = 10.0.40219.1
Project("{FAE04EC0-301F-11D3-BF4B-00C04F79EFBC}") = "NumberSortV2", "NumberSortV2\NumberSortV2.csproj", "{AD457CCE-A297-4702-9248-5C571C2DF10F}"
EndProject
Global
	GlobalSection(SolutionConfigurationPlatforms) = preSolution
		Debug|Any CPU = Debug|Any CPU
		Release|Any CPU = Release|Any CPU
	EndGlobalSection
	GlobalSection(ProjectConfigurationPlatforms) = postSolution
		{AD457CCE-A297-4702-9248-5C571C2DF10F}.Debug|Any CPU.ActiveCfg = Debug|Any CPU
		{AD457CCE-A297-4702-9248-5C571C2DF10F}.Debug|Any CPU.Build.0 = Debug|Any CPU
		{AD457CCE-A297-4702-9248-5C571C2DF10F}.Release|Any CPU.ActiveCfg = Release|Any CPU
		{AD457CCE-A297-4702-9248-5C571C2DF10F}.Release|Any CPU.Build.0 = Release|Any CPU
	EndGlobalSection
	GlobalSection(SolutionProperties) = preSolution
		HideSolutionNode = FALSE
	EndGlobalSection
	GlobalSection(ExtensibilityGlobals) = postSolution
		SolutionGuid = {051AE3BD-7681-4A72-B59C-064E0A33B8FF}
	EndGlobalSection
EndGlobal
