
Microsoft Visual Studio Solution File, Format Version 12.00
# Visual Studio Version 16
VisualStudioVersion = 16.0.30907.101
MinimumVisualStudioVersion = 10.0.40219.1
Project("{FAE04EC0-301F-11D3-BF4B-00C04F79EFBC}") = "Olivieri_UnitTestQ4", "Olivieri_UnitTestQ4.csproj", "{01615990-C5DB-4167-94FE-74C9B810A41A}"
EndProject
Global
	GlobalSection(SolutionConfigurationPlatforms) = preSolution
		Debug|Any CPU = Debug|Any CPU
		Release|Any CPU = Release|Any CPU
	EndGlobalSection
	GlobalSection(ProjectConfigurationPlatforms) = postSolution
		{01615990-C5DB-4167-94FE-74C9B810A41A}.Debug|Any CPU.ActiveCfg = Debug|Any CPU
		{01615990-C5DB-4167-94FE-74C9B810A41A}.Debug|Any CPU.Build.0 = Debug|Any CPU
		{01615990-C5DB-4167-94FE-74C9B810A41A}.Release|Any CPU.ActiveCfg = Release|Any CPU
		{01615990-C5DB-4167-94FE-74C9B810A41A}.Release|Any CPU.Build.0 = Release|Any CPU
	EndGlobalSection
	GlobalSection(SolutionProperties) = preSolution
		HideSolutionNode = FALSE
	EndGlobalSection
	GlobalSection(ExtensibilityGlobals) = postSolution
		SolutionGuid = {713B222C-BDAC-44DB-B986-0F5257B67343}
	EndGlobalSection
EndGlobal
