
Microsoft Visual Studio Solution File, Format Version 12.00
# Visual Studio Version 16
VisualStudioVersion = 16.0.30907.101
MinimumVisualStudioVersion = 10.0.40219.1
Project("{FAE04EC0-301F-11D3-BF4B-00C04F79EFBC}") = "Olivieri_PE7MadLibs", "Olivieri_PE7MadLibs.csproj", "{3BC0CC28-C168-485E-83D9-DCFC4853E0C5}"
EndProject
Global
	GlobalSection(SolutionConfigurationPlatforms) = preSolution
		Debug|Any CPU = Debug|Any CPU
		Release|Any CPU = Release|Any CPU
	EndGlobalSection
	GlobalSection(ProjectConfigurationPlatforms) = postSolution
		{3BC0CC28-C168-485E-83D9-DCFC4853E0C5}.Debug|Any CPU.ActiveCfg = Debug|Any CPU
		{3BC0CC28-C168-485E-83D9-DCFC4853E0C5}.Debug|Any CPU.Build.0 = Debug|Any CPU
		{3BC0CC28-C168-485E-83D9-DCFC4853E0C5}.Release|Any CPU.ActiveCfg = Release|Any CPU
		{3BC0CC28-C168-485E-83D9-DCFC4853E0C5}.Release|Any CPU.Build.0 = Release|Any CPU
	EndGlobalSection
	GlobalSection(SolutionProperties) = preSolution
		HideSolutionNode = FALSE
	EndGlobalSection
	GlobalSection(ExtensibilityGlobals) = postSolution
		SolutionGuid = {A9C28A72-0CD6-4FE8-8B85-D0564CA1E156}
	EndGlobalSection
EndGlobal
