
Microsoft Visual Studio Solution File, Format Version 12.00
# Visual Studio Version 16
VisualStudioVersion = 16.0.31105.61
MinimumVisualStudioVersion = 10.0.40219.1
Project("{FAE04EC0-301F-11D3-BF4B-00C04F79EFBC}") = "Sherlock", "Sherlock.csproj", "{23CB872C-9551-48D8-BCB9-4F262DC93F75}"
EndProject
Global
	GlobalSection(SolutionConfigurationPlatforms) = preSolution
		Debug|Any CPU = Debug|Any CPU
		Release|Any CPU = Release|Any CPU
	EndGlobalSection
	GlobalSection(ProjectConfigurationPlatforms) = postSolution
		{23CB872C-9551-48D8-BCB9-4F262DC93F75}.Debug|Any CPU.ActiveCfg = Debug|Any CPU
		{23CB872C-9551-48D8-BCB9-4F262DC93F75}.Debug|Any CPU.Build.0 = Debug|Any CPU
		{23CB872C-9551-48D8-BCB9-4F262DC93F75}.Release|Any CPU.ActiveCfg = Release|Any CPU
		{23CB872C-9551-48D8-BCB9-4F262DC93F75}.Release|Any CPU.Build.0 = Release|Any CPU
	EndGlobalSection
	GlobalSection(SolutionProperties) = preSolution
		HideSolutionNode = FALSE
	EndGlobalSection
	GlobalSection(ExtensibilityGlobals) = postSolution
		SolutionGuid = {A8F88239-1261-4D27-95B6-8E4CC7A295A4}
	EndGlobalSection
EndGlobal
