
Microsoft Visual Studio Solution File, Format Version 12.00
# Visual Studio Version 16
VisualStudioVersion = 16.0.30907.101
MinimumVisualStudioVersion = 10.0.40219.1
Project("{FAE04EC0-301F-11D3-BF4B-00C04F79EFBC}") = "Vehicles", "Vehicles\Vehicles.csproj", "{8630A101-67AF-4C35-A708-3C4B2B03FFFF}"
EndProject
Global
	GlobalSection(SolutionConfigurationPlatforms) = preSolution
		Debug|Any CPU = Debug|Any CPU
		Release|Any CPU = Release|Any CPU
	EndGlobalSection
	GlobalSection(ProjectConfigurationPlatforms) = postSolution
		{8630A101-67AF-4C35-A708-3C4B2B03FFFF}.Debug|Any CPU.ActiveCfg = Debug|Any CPU
		{8630A101-67AF-4C35-A708-3C4B2B03FFFF}.Debug|Any CPU.Build.0 = Debug|Any CPU
		{8630A101-67AF-4C35-A708-3C4B2B03FFFF}.Release|Any CPU.ActiveCfg = Release|Any CPU
		{8630A101-67AF-4C35-A708-3C4B2B03FFFF}.Release|Any CPU.Build.0 = Release|Any CPU
	EndGlobalSection
	GlobalSection(SolutionProperties) = preSolution
		HideSolutionNode = FALSE
	EndGlobalSection
	GlobalSection(ExtensibilityGlobals) = postSolution
		SolutionGuid = {8D7CD201-0F3A-48E4-9DAA-4BB9721B6F14}
	EndGlobalSection
EndGlobal
