
Microsoft Visual Studio Solution File, Format Version 12.00
# Visual Studio Version 16
VisualStudioVersion = 16.0.30907.101
MinimumVisualStudioVersion = 10.0.40219.1
Project("{FAE04EC0-301F-11D3-BF4B-00C04F79EFBC}") = "Olivieri_PE8_Question7", "Olivieri_PE8_Question7.csproj", "{DF78AA86-42C8-4DD1-8171-4E56080A5F09}"
EndProject
Global
	GlobalSection(SolutionConfigurationPlatforms) = preSolution
		Debug|Any CPU = Debug|Any CPU
		Release|Any CPU = Release|Any CPU
	EndGlobalSection
	GlobalSection(ProjectConfigurationPlatforms) = postSolution
		{DF78AA86-42C8-4DD1-8171-4E56080A5F09}.Debug|Any CPU.ActiveCfg = Debug|Any CPU
		{DF78AA86-42C8-4DD1-8171-4E56080A5F09}.Debug|Any CPU.Build.0 = Debug|Any CPU
		{DF78AA86-42C8-4DD1-8171-4E56080A5F09}.Release|Any CPU.ActiveCfg = Release|Any CPU
		{DF78AA86-42C8-4DD1-8171-4E56080A5F09}.Release|Any CPU.Build.0 = Release|Any CPU
	EndGlobalSection
	GlobalSection(SolutionProperties) = preSolution
		HideSolutionNode = FALSE
	EndGlobalSection
	GlobalSection(ExtensibilityGlobals) = postSolution
		SolutionGuid = {3A2D68DF-24CE-42E6-9886-96355D8F13D1}
	EndGlobalSection
EndGlobal
