
Microsoft Visual Studio Solution File, Format Version 12.00
# Visual Studio Version 16
VisualStudioVersion = 16.0.30907.101
MinimumVisualStudioVersion = 10.0.40219.1
Project("{FAE04EC0-301F-11D3-BF4B-00C04F79EFBC}") = "TigerUsersGlobals", "TigerUsersGlobals.csproj", "{67CF5205-8AF1-4074-9F31-CB58AC49B979}"
EndProject
Global
	GlobalSection(SolutionConfigurationPlatforms) = preSolution
		Debug|Any CPU = Debug|Any CPU
		Release|Any CPU = Release|Any CPU
	EndGlobalSection
	GlobalSection(ProjectConfigurationPlatforms) = postSolution
		{67CF5205-8AF1-4074-9F31-CB58AC49B979}.Debug|Any CPU.ActiveCfg = Debug|Any CPU
		{67CF5205-8AF1-4074-9F31-CB58AC49B979}.Debug|Any CPU.Build.0 = Debug|Any CPU
		{67CF5205-8AF1-4074-9F31-CB58AC49B979}.Release|Any CPU.ActiveCfg = Release|Any CPU
		{67CF5205-8AF1-4074-9F31-CB58AC49B979}.Release|Any CPU.Build.0 = Release|Any CPU
	EndGlobalSection
	GlobalSection(SolutionProperties) = preSolution
		HideSolutionNode = FALSE
	EndGlobalSection
	GlobalSection(ExtensibilityGlobals) = postSolution
		SolutionGuid = {7A00D3D7-E943-4917-AE69-8A9CBFC4D63D}
	EndGlobalSection
EndGlobal
