
Microsoft Visual Studio Solution File, Format Version 12.00
# Visual Studio Version 16
VisualStudioVersion = 16.0.30907.101
MinimumVisualStudioVersion = 10.0.40219.1
Project("{FAE04EC0-301F-11D3-BF4B-00C04F79EFBC}") = "Vehicles1", "Vehicles1\Vehicles1.csproj", "{0851A826-4AF2-4B82-83B3-565689B7DE15}"
EndProject
Global
	GlobalSection(SolutionConfigurationPlatforms) = preSolution
		Debug|Any CPU = Debug|Any CPU
		Release|Any CPU = Release|Any CPU
	EndGlobalSection
	GlobalSection(ProjectConfigurationPlatforms) = postSolution
		{0851A826-4AF2-4B82-83B3-565689B7DE15}.Debug|Any CPU.ActiveCfg = Debug|Any CPU
		{0851A826-4AF2-4B82-83B3-565689B7DE15}.Debug|Any CPU.Build.0 = Debug|Any CPU
		{0851A826-4AF2-4B82-83B3-565689B7DE15}.Release|Any CPU.ActiveCfg = Release|Any CPU
		{0851A826-4AF2-4B82-83B3-565689B7DE15}.Release|Any CPU.Build.0 = Release|Any CPU
	EndGlobalSection
	GlobalSection(SolutionProperties) = preSolution
		HideSolutionNode = FALSE
	EndGlobalSection
	GlobalSection(ExtensibilityGlobals) = postSolution
		SolutionGuid = {F751E77D-A0B2-4014-8174-F187587AD7B3}
	EndGlobalSection
EndGlobal
