
Microsoft Visual Studio Solution File, Format Version 12.00
# Visual Studio Version 16
VisualStudioVersion = 16.0.30907.101
MinimumVisualStudioVersion = 10.0.40219.1
Project("{FAE04EC0-301F-11D3-BF4B-00C04F79EFBC}") = "Classy", "Classy.csproj", "{7F70958F-E82E-4FC2-B2EE-3AEF5846248E}"
EndProject
Project("{FAE04EC0-301F-11D3-BF4B-00C04F79EFBC}") = "Main_PE14", "..\..\..\Main_PE14\Main_PE14.csproj", "{87A5EF85-E281-4CE2-BC7C-88CBC75DB5B5}"
EndProject
Global
	GlobalSection(SolutionConfigurationPlatforms) = preSolution
		Debug|Any CPU = Debug|Any CPU
		Release|Any CPU = Release|Any CPU
	EndGlobalSection
	GlobalSection(ProjectConfigurationPlatforms) = postSolution
		{7F70958F-E82E-4FC2-B2EE-3AEF5846248E}.Debug|Any CPU.ActiveCfg = Debug|Any CPU
		{7F70958F-E82E-4FC2-B2EE-3AEF5846248E}.Debug|Any CPU.Build.0 = Debug|Any CPU
		{7F70958F-E82E-4FC2-B2EE-3AEF5846248E}.Release|Any CPU.ActiveCfg = Release|Any CPU
		{7F70958F-E82E-4FC2-B2EE-3AEF5846248E}.Release|Any CPU.Build.0 = Release|Any CPU
		{87A5EF85-E281-4CE2-BC7C-88CBC75DB5B5}.Debug|Any CPU.ActiveCfg = Debug|Any CPU
		{87A5EF85-E281-4CE2-BC7C-88CBC75DB5B5}.Debug|Any CPU.Build.0 = Debug|Any CPU
		{87A5EF85-E281-4CE2-BC7C-88CBC75DB5B5}.Release|Any CPU.ActiveCfg = Release|Any CPU
		{87A5EF85-E281-4CE2-BC7C-88CBC75DB5B5}.Release|Any CPU.Build.0 = Release|Any CPU
	EndGlobalSection
	GlobalSection(SolutionProperties) = preSolution
		HideSolutionNode = FALSE
	EndGlobalSection
	GlobalSection(ExtensibilityGlobals) = postSolution
		SolutionGuid = {CE2B3708-C35E-4DC9-9323-B9D86EC3CF26}
	EndGlobalSection
EndGlobal
