
Microsoft Visual Studio Solution File, Format Version 12.00
# Visual Studio Version 16
VisualStudioVersion = 16.0.31105.61
MinimumVisualStudioVersion = 10.0.40219.1
Project("{FAE04EC0-301F-11D3-BF4B-00C04F79EFBC}") = "CourseLib", "CourseLib.csproj", "{F94AFEB4-0E82-45AC-80A7-F0B153D8F474}"
EndProject
Global
	GlobalSection(SolutionConfigurationPlatforms) = preSolution
		Debug|Any CPU = Debug|Any CPU
		Release|Any CPU = Release|Any CPU
	EndGlobalSection
	GlobalSection(ProjectConfigurationPlatforms) = postSolution
		{F94AFEB4-0E82-45AC-80A7-F0B153D8F474}.Debug|Any CPU.ActiveCfg = Debug|Any CPU
		{F94AFEB4-0E82-45AC-80A7-F0B153D8F474}.Debug|Any CPU.Build.0 = Debug|Any CPU
		{F94AFEB4-0E82-45AC-80A7-F0B153D8F474}.Release|Any CPU.ActiveCfg = Release|Any CPU
		{F94AFEB4-0E82-45AC-80A7-F0B153D8F474}.Release|Any CPU.Build.0 = Release|Any CPU
	EndGlobalSection
	GlobalSection(SolutionProperties) = preSolution
		HideSolutionNode = FALSE
	EndGlobalSection
	GlobalSection(ExtensibilityGlobals) = postSolution
		SolutionGuid = {66A25285-F2E7-4374-9972-F68853E8D0F8}
	EndGlobalSection
EndGlobal
