
Microsoft Visual Studio Solution File, Format Version 12.00
# Visual Studio Version 16
VisualStudioVersion = 16.0.30907.101
MinimumVisualStudioVersion = 10.0.40219.1
Project("{FAE04EC0-301F-11D3-BF4B-00C04F79EFBC}") = "Olivieri_PE6", "Olivieri_PE6.csproj", "{53F30209-538A-436B-A734-61CC29C13927}"
EndProject
Global
	GlobalSection(SolutionConfigurationPlatforms) = preSolution
		Debug|Any CPU = Debug|Any CPU
		Release|Any CPU = Release|Any CPU
	EndGlobalSection
	GlobalSection(ProjectConfigurationPlatforms) = postSolution
		{53F30209-538A-436B-A734-61CC29C13927}.Debug|Any CPU.ActiveCfg = Debug|Any CPU
		{53F30209-538A-436B-A734-61CC29C13927}.Debug|Any CPU.Build.0 = Debug|Any CPU
		{53F30209-538A-436B-A734-61CC29C13927}.Release|Any CPU.ActiveCfg = Release|Any CPU
		{53F30209-538A-436B-A734-61CC29C13927}.Release|Any CPU.Build.0 = Release|Any CPU
	EndGlobalSection
	GlobalSection(SolutionProperties) = preSolution
		HideSolutionNode = FALSE
	EndGlobalSection
	GlobalSection(ExtensibilityGlobals) = postSolution
		SolutionGuid = {400E493E-E146-4432-A544-D5D67C32A90C}
	EndGlobalSection
EndGlobal
