
Microsoft Visual Studio Solution File, Format Version 12.00
# Visual Studio Version 16
VisualStudioVersion = 16.0.30907.101
MinimumVisualStudioVersion = 10.0.40219.1
Project("{FAE04EC0-301F-11D3-BF4B-00C04F79EFBC}") = "Question6UnitTest2", "Question6UnitTest2.csproj", "{32CE5536-4323-451F-BB3A-7DD85D0E1FC4}"
EndProject
Global
	GlobalSection(SolutionConfigurationPlatforms) = preSolution
		Debug|Any CPU = Debug|Any CPU
		Release|Any CPU = Release|Any CPU
	EndGlobalSection
	GlobalSection(ProjectConfigurationPlatforms) = postSolution
		{32CE5536-4323-451F-BB3A-7DD85D0E1FC4}.Debug|Any CPU.ActiveCfg = Debug|Any CPU
		{32CE5536-4323-451F-BB3A-7DD85D0E1FC4}.Debug|Any CPU.Build.0 = Debug|Any CPU
		{32CE5536-4323-451F-BB3A-7DD85D0E1FC4}.Release|Any CPU.ActiveCfg = Release|Any CPU
		{32CE5536-4323-451F-BB3A-7DD85D0E1FC4}.Release|Any CPU.Build.0 = Release|Any CPU
	EndGlobalSection
	GlobalSection(SolutionProperties) = preSolution
		HideSolutionNode = FALSE
	EndGlobalSection
	GlobalSection(ExtensibilityGlobals) = postSolution
		SolutionGuid = {88833844-F4FC-4FFA-A5A2-E020E40C3179}
	EndGlobalSection
EndGlobal
