
Microsoft Visual Studio Solution File, Format Version 12.00
# Visual Studio Version 16
VisualStudioVersion = 16.0.30907.101
MinimumVisualStudioVersion = 10.0.40219.1
Project("{FAE04EC0-301F-11D3-BF4B-00C04F79EFBC}") = "Olivieri_PE9Question3", "Olivieri_PE9Question3\Olivieri_PE9Question3.csproj", "{85B6B2C0-865D-4AD8-B0B4-D5A10F21D5A5}"
EndProject
Global
	GlobalSection(SolutionConfigurationPlatforms) = preSolution
		Debug|Any CPU = Debug|Any CPU
		Release|Any CPU = Release|Any CPU
	EndGlobalSection
	GlobalSection(ProjectConfigurationPlatforms) = postSolution
		{85B6B2C0-865D-4AD8-B0B4-D5A10F21D5A5}.Debug|Any CPU.ActiveCfg = Debug|Any CPU
		{85B6B2C0-865D-4AD8-B0B4-D5A10F21D5A5}.Debug|Any CPU.Build.0 = Debug|Any CPU
		{85B6B2C0-865D-4AD8-B0B4-D5A10F21D5A5}.Release|Any CPU.ActiveCfg = Release|Any CPU
		{85B6B2C0-865D-4AD8-B0B4-D5A10F21D5A5}.Release|Any CPU.Build.0 = Release|Any CPU
	EndGlobalSection
	GlobalSection(SolutionProperties) = preSolution
		HideSolutionNode = FALSE
	EndGlobalSection
	GlobalSection(ExtensibilityGlobals) = postSolution
		SolutionGuid = {5339C0FF-B4C7-4861-9A30-A375536C2917}
	EndGlobalSection
EndGlobal
