
Microsoft Visual Studio Solution File, Format Version 12.00
# Visual Studio Version 16
VisualStudioVersion = 16.0.30907.101
MinimumVisualStudioVersion = 10.0.40219.1
Project("{FAE04EC0-301F-11D3-BF4B-00C04F79EFBC}") = "TigerChatPeopleLib", "TigerChatPeopleLib.csproj", "{12FFCD02-CA0C-4184-A877-B6CDB79124F1}"
EndProject
Global
	GlobalSection(SolutionConfigurationPlatforms) = preSolution
		Debug|Any CPU = Debug|Any CPU
		Release|Any CPU = Release|Any CPU
	EndGlobalSection
	GlobalSection(ProjectConfigurationPlatforms) = postSolution
		{12FFCD02-CA0C-4184-A877-B6CDB79124F1}.Debug|Any CPU.ActiveCfg = Debug|Any CPU
		{12FFCD02-CA0C-4184-A877-B6CDB79124F1}.Debug|Any CPU.Build.0 = Debug|Any CPU
		{12FFCD02-CA0C-4184-A877-B6CDB79124F1}.Release|Any CPU.ActiveCfg = Release|Any CPU
		{12FFCD02-CA0C-4184-A877-B6CDB79124F1}.Release|Any CPU.Build.0 = Release|Any CPU
	EndGlobalSection
	GlobalSection(SolutionProperties) = preSolution
		HideSolutionNode = FALSE
	EndGlobalSection
	GlobalSection(ExtensibilityGlobals) = postSolution
		SolutionGuid = {A0E1E7DF-C71B-4740-9309-C6C88541A02C}
	EndGlobalSection
EndGlobal
