
Microsoft Visual Studio Solution File, Format Version 12.00
# Visual Studio Version 16
VisualStudioVersion = 16.0.30907.101
MinimumVisualStudioVersion = 10.0.40219.1
Project("{FAE04EC0-301F-11D3-BF4B-00C04F79EFBC}") = "helloWorld", "helloWorld.csproj", "{D9F67047-F467-4649-90E7-124E402D113B}"
EndProject
Global
	GlobalSection(SolutionConfigurationPlatforms) = preSolution
		Debug|Any CPU = Debug|Any CPU
		Release|Any CPU = Release|Any CPU
	EndGlobalSection
	GlobalSection(ProjectConfigurationPlatforms) = postSolution
		{D9F67047-F467-4649-90E7-124E402D113B}.Debug|Any CPU.ActiveCfg = Debug|Any CPU
		{D9F67047-F467-4649-90E7-124E402D113B}.Debug|Any CPU.Build.0 = Debug|Any CPU
		{D9F67047-F467-4649-90E7-124E402D113B}.Release|Any CPU.ActiveCfg = Release|Any CPU
		{D9F67047-F467-4649-90E7-124E402D113B}.Release|Any CPU.Build.0 = Release|Any CPU
	EndGlobalSection
	GlobalSection(SolutionProperties) = preSolution
		HideSolutionNode = FALSE
	EndGlobalSection
	GlobalSection(ExtensibilityGlobals) = postSolution
		SolutionGuid = {C60B425B-A46B-46AC-BAE1-56EFE208E7EF}
	EndGlobalSection
EndGlobal
