
Microsoft Visual Studio Solution File, Format Version 12.00
# Visual Studio Version 16
VisualStudioVersion = 16.0.30907.101
MinimumVisualStudioVersion = 10.0.40219.1
Project("{FAE04EC0-301F-11D3-BF4B-00C04F79EFBC}") = "triviaApp", "triviaApp.csproj", "{AA202B82-A3AC-4C5E-BD4C-E3E67B89F35D}"
EndProject
Global
	GlobalSection(SolutionConfigurationPlatforms) = preSolution
		Debug|Any CPU = Debug|Any CPU
		Release|Any CPU = Release|Any CPU
	EndGlobalSection
	GlobalSection(ProjectConfigurationPlatforms) = postSolution
		{AA202B82-A3AC-4C5E-BD4C-E3E67B89F35D}.Debug|Any CPU.ActiveCfg = Debug|Any CPU
		{AA202B82-A3AC-4C5E-BD4C-E3E67B89F35D}.Debug|Any CPU.Build.0 = Debug|Any CPU
		{AA202B82-A3AC-4C5E-BD4C-E3E67B89F35D}.Release|Any CPU.ActiveCfg = Release|Any CPU
		{AA202B82-A3AC-4C5E-BD4C-E3E67B89F35D}.Release|Any CPU.Build.0 = Release|Any CPU
	EndGlobalSection
	GlobalSection(SolutionProperties) = preSolution
		HideSolutionNode = FALSE
	EndGlobalSection
	GlobalSection(ExtensibilityGlobals) = postSolution
		SolutionGuid = {E275DD92-E1AA-4AF0-BC3A-244BE61B8675}
	EndGlobalSection
EndGlobal
