
Microsoft Visual Studio Solution File, Format Version 12.00
# Visual Studio Version 16
VisualStudioVersion = 16.0.30907.101
MinimumVisualStudioVersion = 10.0.40219.1
Project("{FAE04EC0-301F-11D3-BF4B-00C04F79EFBC}") = "StructToClass", "StructToClass.csproj", "{2FE5CD1C-15FB-4B35-B7F1-92E398B3D674}"
EndProject
Global
	GlobalSection(SolutionConfigurationPlatforms) = preSolution
		Debug|Any CPU = Debug|Any CPU
		Release|Any CPU = Release|Any CPU
	EndGlobalSection
	GlobalSection(ProjectConfigurationPlatforms) = postSolution
		{2FE5CD1C-15FB-4B35-B7F1-92E398B3D674}.Debug|Any CPU.ActiveCfg = Debug|Any CPU
		{2FE5CD1C-15FB-4B35-B7F1-92E398B3D674}.Debug|Any CPU.Build.0 = Debug|Any CPU
		{2FE5CD1C-15FB-4B35-B7F1-92E398B3D674}.Release|Any CPU.ActiveCfg = Release|Any CPU
		{2FE5CD1C-15FB-4B35-B7F1-92E398B3D674}.Release|Any CPU.Build.0 = Release|Any CPU
	EndGlobalSection
	GlobalSection(SolutionProperties) = preSolution
		HideSolutionNode = FALSE
	EndGlobalSection
	GlobalSection(ExtensibilityGlobals) = postSolution
		SolutionGuid = {7CED04B4-06F0-4359-A25A-91FA0A5133CB}
	EndGlobalSection
EndGlobal
