
Microsoft Visual Studio Solution File, Format Version 12.00
# Visual Studio Version 16
VisualStudioVersion = 16.0.30907.101
MinimumVisualStudioVersion = 10.0.40219.1
Project("{FAE04EC0-301F-11D3-BF4B-00C04F79EFBC}") = "Olivieri_PE10", "Olivieri_PE10\Olivieri_PE10.csproj", "{A803C8FC-0CC6-4752-8EBB-D9BB1F589FEB}"
EndProject
Global
	GlobalSection(SolutionConfigurationPlatforms) = preSolution
		Debug|Any CPU = Debug|Any CPU
		Release|Any CPU = Release|Any CPU
	EndGlobalSection
	GlobalSection(ProjectConfigurationPlatforms) = postSolution
		{A803C8FC-0CC6-4752-8EBB-D9BB1F589FEB}.Debug|Any CPU.ActiveCfg = Debug|Any CPU
		{A803C8FC-0CC6-4752-8EBB-D9BB1F589FEB}.Debug|Any CPU.Build.0 = Debug|Any CPU
		{A803C8FC-0CC6-4752-8EBB-D9BB1F589FEB}.Release|Any CPU.ActiveCfg = Release|Any CPU
		{A803C8FC-0CC6-4752-8EBB-D9BB1F589FEB}.Release|Any CPU.Build.0 = Release|Any CPU
	EndGlobalSection
	GlobalSection(SolutionProperties) = preSolution
		HideSolutionNode = FALSE
	EndGlobalSection
	GlobalSection(ExtensibilityGlobals) = postSolution
		SolutionGuid = {8E477A48-6B53-40ED-BB85-456A6BA7F188}
	EndGlobalSection
EndGlobal
