
Microsoft Visual Studio Solution File, Format Version 12.00
# Visual Studio Version 16
VisualStudioVersion = 16.0.30907.101
MinimumVisualStudioVersion = 10.0.40219.1
Project("{FAE04EC0-301F-11D3-BF4B-00C04F79EFBC}") = "Olivieri_PE14Main", "Olivieri_PE14Main.csproj", "{02C1566B-4780-41E3-8EA6-0333F5EF429D}"
EndProject
Global
	GlobalSection(SolutionConfigurationPlatforms) = preSolution
		Debug|Any CPU = Debug|Any CPU
		Release|Any CPU = Release|Any CPU
	EndGlobalSection
	GlobalSection(ProjectConfigurationPlatforms) = postSolution
		{02C1566B-4780-41E3-8EA6-0333F5EF429D}.Debug|Any CPU.ActiveCfg = Debug|Any CPU
		{02C1566B-4780-41E3-8EA6-0333F5EF429D}.Debug|Any CPU.Build.0 = Debug|Any CPU
		{02C1566B-4780-41E3-8EA6-0333F5EF429D}.Release|Any CPU.ActiveCfg = Release|Any CPU
		{02C1566B-4780-41E3-8EA6-0333F5EF429D}.Release|Any CPU.Build.0 = Release|Any CPU
	EndGlobalSection
	GlobalSection(SolutionProperties) = preSolution
		HideSolutionNode = FALSE
	EndGlobalSection
	GlobalSection(ExtensibilityGlobals) = postSolution
		SolutionGuid = {EC986292-6971-441F-8D8C-204B41A30728}
	EndGlobalSection
EndGlobal
