
Microsoft Visual Studio Solution File, Format Version 12.00
# Visual Studio Version 16
VisualStudioVersion = 16.0.30907.101
MinimumVisualStudioVersion = 10.0.40219.1
Project("{FAE04EC0-301F-11D3-BF4B-00C04F79EFBC}") = "PeopleApp", "PeopleApp\PeopleApp.csproj", "{7BBC0A17-F572-46FF-A945-2643B1C33061}"
EndProject
Global
	GlobalSection(SolutionConfigurationPlatforms) = preSolution
		Debug|Any CPU = Debug|Any CPU
		Release|Any CPU = Release|Any CPU
	EndGlobalSection
	GlobalSection(ProjectConfigurationPlatforms) = postSolution
		{7BBC0A17-F572-46FF-A945-2643B1C33061}.Debug|Any CPU.ActiveCfg = Debug|Any CPU
		{7BBC0A17-F572-46FF-A945-2643B1C33061}.Debug|Any CPU.Build.0 = Debug|Any CPU
		{7BBC0A17-F572-46FF-A945-2643B1C33061}.Release|Any CPU.ActiveCfg = Release|Any CPU
		{7BBC0A17-F572-46FF-A945-2643B1C33061}.Release|Any CPU.Build.0 = Release|Any CPU
	EndGlobalSection
	GlobalSection(SolutionProperties) = preSolution
		HideSolutionNode = FALSE
	EndGlobalSection
	GlobalSection(ExtensibilityGlobals) = postSolution
		SolutionGuid = {8516B7BD-B0F7-41AE-983D-61516900E870}
	EndGlobalSection
EndGlobal
