
Microsoft Visual Studio Solution File, Format Version 12.00
# Visual Studio Version 16
VisualStudioVersion = 16.0.30907.101
MinimumVisualStudioVersion = 10.0.40219.1
Project("{FAE04EC0-301F-11D3-BF4B-00C04F79EFBC}") = "unitTestQ13", "unitTestQ13\unitTestQ13.csproj", "{8B8CAA4B-867B-4EBE-B56B-D071C94E50B3}"
EndProject
Global
	GlobalSection(SolutionConfigurationPlatforms) = preSolution
		Debug|Any CPU = Debug|Any CPU
		Release|Any CPU = Release|Any CPU
	EndGlobalSection
	GlobalSection(ProjectConfigurationPlatforms) = postSolution
		{8B8CAA4B-867B-4EBE-B56B-D071C94E50B3}.Debug|Any CPU.ActiveCfg = Debug|Any CPU
		{8B8CAA4B-867B-4EBE-B56B-D071C94E50B3}.Debug|Any CPU.Build.0 = Debug|Any CPU
		{8B8CAA4B-867B-4EBE-B56B-D071C94E50B3}.Release|Any CPU.ActiveCfg = Release|Any CPU
		{8B8CAA4B-867B-4EBE-B56B-D071C94E50B3}.Release|Any CPU.Build.0 = Release|Any CPU
	EndGlobalSection
	GlobalSection(SolutionProperties) = preSolution
		HideSolutionNode = FALSE
	EndGlobalSection
	GlobalSection(ExtensibilityGlobals) = postSolution
		SolutionGuid = {825AACCF-FA51-44EB-9ECD-FE00718793E6}
	EndGlobalSection
EndGlobal
