
Microsoft Visual Studio Solution File, Format Version 12.00
# Visual Studio Version 16
VisualStudioVersion = 16.0.30907.101
MinimumVisualStudioVersion = 10.0.40219.1
Project("{FAE04EC0-301F-11D3-BF4B-00C04F79EFBC}") = "MathQuiz", "MathQuiz.csproj", "{52843ED8-AFAB-42DA-97E2-A07BA70FDADD}"
EndProject
Global
	GlobalSection(SolutionConfigurationPlatforms) = preSolution
		Debug|Any CPU = Debug|Any CPU
		Release|Any CPU = Release|Any CPU
	EndGlobalSection
	GlobalSection(ProjectConfigurationPlatforms) = postSolution
		{52843ED8-AFAB-42DA-97E2-A07BA70FDADD}.Debug|Any CPU.ActiveCfg = Debug|Any CPU
		{52843ED8-AFAB-42DA-97E2-A07BA70FDADD}.Debug|Any CPU.Build.0 = Debug|Any CPU
		{52843ED8-AFAB-42DA-97E2-A07BA70FDADD}.Release|Any CPU.ActiveCfg = Release|Any CPU
		{52843ED8-AFAB-42DA-97E2-A07BA70FDADD}.Release|Any CPU.Build.0 = Release|Any CPU
	EndGlobalSection
	GlobalSection(SolutionProperties) = preSolution
		HideSolutionNode = FALSE
	EndGlobalSection
	GlobalSection(ExtensibilityGlobals) = postSolution
		SolutionGuid = {D41DD298-7568-4BD7-9FC7-1F49745CCFB6}
	EndGlobalSection
EndGlobal
