
Microsoft Visual Studio Solution File, Format Version 12.00
# Visual Studio Version 16
VisualStudioVersion = 16.0.30907.101
MinimumVisualStudioVersion = 10.0.40219.1
Project("{FAE04EC0-301F-11D3-BF4B-00C04F79EFBC}") = "Olivieri_SquashTheBugs", "Olivieri_SquashTheBugs.csproj", "{F038EF22-9CFF-490A-A331-3737715E5B92}"
EndProject
Global
	GlobalSection(SolutionConfigurationPlatforms) = preSolution
		Debug|Any CPU = Debug|Any CPU
		Release|Any CPU = Release|Any CPU
	EndGlobalSection
	GlobalSection(ProjectConfigurationPlatforms) = postSolution
		{F038EF22-9CFF-490A-A331-3737715E5B92}.Debug|Any CPU.ActiveCfg = Debug|Any CPU
		{F038EF22-9CFF-490A-A331-3737715E5B92}.Debug|Any CPU.Build.0 = Debug|Any CPU
		{F038EF22-9CFF-490A-A331-3737715E5B92}.Release|Any CPU.ActiveCfg = Release|Any CPU
		{F038EF22-9CFF-490A-A331-3737715E5B92}.Release|Any CPU.Build.0 = Release|Any CPU
	EndGlobalSection
	GlobalSection(SolutionProperties) = preSolution
		HideSolutionNode = FALSE
	EndGlobalSection
	GlobalSection(ExtensibilityGlobals) = postSolution
		SolutionGuid = {898098E8-783B-492F-95FE-5BAD6C62E354}
	EndGlobalSection
EndGlobal
